<Solution>
  <Project Path="ActivitySourceGenerator/ActivitySourceGenerator/ActivitySourceGenerator.csproj" />
  <Project Path="ActivitySourceGenerator/ActivitySourceGenerator.Sample/ActivitySourceGenerator.Sample.csproj" />
  <Project Path="ActivitySourceGenerator/ActivitySourceGenerator.SnapshotTests/ActivitySourceGenerator.SnapshotTests.csproj" />
  <Project Path="ActivitySourceGenerator/ActivitySourceGenerator.Tests/ActivitySourceGenerator.Tests.csproj" />
</Solution>
