<Solution>
  <Project Path="HelloWorldGenerator/HelloWorldGenerator.Sample/HelloWorldGenerator.Sample.csproj" />
  <Project Path="HelloWorldGenerator/HelloWorldGenerator.Tests/HelloWorldGenerator.Tests.csproj" />
  <Project Path="HelloWorldGenerator/HelloWorldGenerator/HelloWorldGenerator.csproj" />
</Solution>
