<Solution>
  <Project Path="UnsafeAccessorGenerator/UnsafeAccessorGenerator/UnsafeAccessorGenerator.csproj" />
  <Project Path="UnsafeAccessorGenerator/UnsafeAccessorGenerator.Sample/UnsafeAccessorGenerator.Sample.csproj" />
  <Project Path="UnsafeAccessorGenerator/UnsafeAccessorGenerator.Tests/UnsafeAccessorGenerator.Tests.csproj" />
</Solution>